
Microsoft Visual Studio Solution File, Format Version 11.0
# Visual Studio 2010
Project("{FAE04EC0-301F-11D3-BF4B-00C04F79EFBC}") = "UnityVS.ProjectDrive.CSharp", "UnityVS.ProjectDrive.CSharp.csproj", "{FA30E694-FABA-0439-0EC4-F0F64EBE6F43}"
EndProject
Project("{FAE04EC0-301F-11D3-BF4B-00C04F79EFBC}") = "UnityVS.ProjectDrive.CSharp.Editor", "UnityVS.ProjectDrive.CSharp.Editor.csproj", "{6B512CFB-A12C-C532-646E-E875871C2A18}"
EndProject
Project("{FAE04EC0-301F-11D3-BF4B-00C04F79EFBC}") = "UnityVS.ProjectDrive.CSharp.Plugins", "UnityVS.ProjectDrive.CSharp.Plugins.csproj", "{613670D5-B1FE-840A-C962-B669A8F2E60E}"
EndProject
Global
	GlobalSection(SolutionConfigurationPlatforms) = preSolution
		Debug|Any CPU = Debug|Any CPU
		Release|Any CPU = Release|Any CPU
	EndGlobalSection
	GlobalSection(ProjectConfigurationPlatforms) = postSolution
		{FA30E694-FABA-0439-0EC4-F0F64EBE6F43}.Debug|Any CPU.ActiveCfg = Debug|Any CPU
		{FA30E694-FABA-0439-0EC4-F0F64EBE6F43}.Debug|Any CPU.Build.0 = Debug|Any CPU
		{FA30E694-FABA-0439-0EC4-F0F64EBE6F43}.Release|Any CPU.ActiveCfg = Release|Any CPU
		{FA30E694-FABA-0439-0EC4-F0F64EBE6F43}.Release|Any CPU.Build.0 = Release|Any CPU
		{6B512CFB-A12C-C532-646E-E875871C2A18}.Debug|Any CPU.ActiveCfg = Debug|Any CPU
		{6B512CFB-A12C-C532-646E-E875871C2A18}.Debug|Any CPU.Build.0 = Debug|Any CPU
		{6B512CFB-A12C-C532-646E-E875871C2A18}.Release|Any CPU.ActiveCfg = Release|Any CPU
		{6B512CFB-A12C-C532-646E-E875871C2A18}.Release|Any CPU.Build.0 = Release|Any CPU
		{613670D5-B1FE-840A-C962-B669A8F2E60E}.Debug|Any CPU.ActiveCfg = Debug|Any CPU
		{613670D5-B1FE-840A-C962-B669A8F2E60E}.Debug|Any CPU.Build.0 = Debug|Any CPU
		{613670D5-B1FE-840A-C962-B669A8F2E60E}.Release|Any CPU.ActiveCfg = Release|Any CPU
		{613670D5-B1FE-840A-C962-B669A8F2E60E}.Release|Any CPU.Build.0 = Release|Any CPU
	EndGlobalSection
	GlobalSection(SolutionProperties) = preSolution
		HideSolutionNode = FALSE
	EndGlobalSection
EndGlobal
